
Microsoft Visual Studio Solution File, Format Version 12.00
# Visual Studio 2012
Project("{FAE04EC0-301F-11D3-BF4B-00C04F79EFBC}") = "CVWorkBench", "CVWorkBench.csproj", "{42B2A13D-8404-47B0-A3A8-95C141A70FA3}"
EndProject
Project("{8BC9CEB8-8B4A-11D0-8D11-00A0C91BC942}") = "FaceRecognition", "..\FaceRecognition\FaceRecognition.vcxproj", "{90305D0A-17FB-4A93-85DB-92448BD158ED}"
EndProject
Project("{FAE04EC0-301F-11D3-BF4B-00C04F79EFBC}") = "CVLib", "..\CVLib\CVLib.csproj", "{71C2A372-690D-4BA8-8D7F-23314AC7D846}"
EndProject
Global
	GlobalSection(SolutionConfigurationPlatforms) = preSolution
		Debug|Any CPU = Debug|Any CPU
		Debug|Mixed Platforms = Debug|Mixed Platforms
		Debug|Win32 = Debug|Win32
		Debug|x64 = Debug|x64
		Release|Any CPU = Release|Any CPU
		Release|Mixed Platforms = Release|Mixed Platforms
		Release|Win32 = Release|Win32
		Release|x64 = Release|x64
	EndGlobalSection
	GlobalSection(ProjectConfigurationPlatforms) = postSolution
		{42B2A13D-8404-47B0-A3A8-95C141A70FA3}.Debug|Any CPU.ActiveCfg = Debug|Any CPU
		{42B2A13D-8404-47B0-A3A8-95C141A70FA3}.Debug|Any CPU.Build.0 = Debug|Any CPU
		{42B2A13D-8404-47B0-A3A8-95C141A70FA3}.Debug|Mixed Platforms.ActiveCfg = Debug|Any CPU
		{42B2A13D-8404-47B0-A3A8-95C141A70FA3}.Debug|Mixed Platforms.Build.0 = Debug|Any CPU
		{42B2A13D-8404-47B0-A3A8-95C141A70FA3}.Debug|Win32.ActiveCfg = Debug|Any CPU
		{42B2A13D-8404-47B0-A3A8-95C141A70FA3}.Debug|x64.ActiveCfg = Debug|x64
		{42B2A13D-8404-47B0-A3A8-95C141A70FA3}.Debug|x64.Build.0 = Debug|x64
		{42B2A13D-8404-47B0-A3A8-95C141A70FA3}.Release|Any CPU.ActiveCfg = Release|Any CPU
		{42B2A13D-8404-47B0-A3A8-95C141A70FA3}.Release|Any CPU.Build.0 = Release|Any CPU
		{42B2A13D-8404-47B0-A3A8-95C141A70FA3}.Release|Mixed Platforms.ActiveCfg = Release|Any CPU
		{42B2A13D-8404-47B0-A3A8-95C141A70FA3}.Release|Mixed Platforms.Build.0 = Release|Any CPU
		{42B2A13D-8404-47B0-A3A8-95C141A70FA3}.Release|Win32.ActiveCfg = Release|Any CPU
		{42B2A13D-8404-47B0-A3A8-95C141A70FA3}.Release|x64.ActiveCfg = Release|Any CPU
		{90305D0A-17FB-4A93-85DB-92448BD158ED}.Debug|Any CPU.ActiveCfg = Debug|Win32
		{90305D0A-17FB-4A93-85DB-92448BD158ED}.Debug|Mixed Platforms.ActiveCfg = Debug|Win32
		{90305D0A-17FB-4A93-85DB-92448BD158ED}.Debug|Mixed Platforms.Build.0 = Debug|Win32
		{90305D0A-17FB-4A93-85DB-92448BD158ED}.Debug|Win32.ActiveCfg = Debug|Win32
		{90305D0A-17FB-4A93-85DB-92448BD158ED}.Debug|Win32.Build.0 = Debug|Win32
		{90305D0A-17FB-4A93-85DB-92448BD158ED}.Debug|x64.ActiveCfg = Debug|x64
		{90305D0A-17FB-4A93-85DB-92448BD158ED}.Debug|x64.Build.0 = Debug|x64
		{90305D0A-17FB-4A93-85DB-92448BD158ED}.Release|Any CPU.ActiveCfg = Release|Win32
		{90305D0A-17FB-4A93-85DB-92448BD158ED}.Release|Mixed Platforms.ActiveCfg = Release|Win32
		{90305D0A-17FB-4A93-85DB-92448BD158ED}.Release|Mixed Platforms.Build.0 = Release|Win32
		{90305D0A-17FB-4A93-85DB-92448BD158ED}.Release|Win32.ActiveCfg = Release|Win32
		{90305D0A-17FB-4A93-85DB-92448BD158ED}.Release|Win32.Build.0 = Release|Win32
		{90305D0A-17FB-4A93-85DB-92448BD158ED}.Release|x64.ActiveCfg = Release|x64
		{90305D0A-17FB-4A93-85DB-92448BD158ED}.Release|x64.Build.0 = Release|x64
		{71C2A372-690D-4BA8-8D7F-23314AC7D846}.Debug|Any CPU.ActiveCfg = Debug|Any CPU
		{71C2A372-690D-4BA8-8D7F-23314AC7D846}.Debug|Any CPU.Build.0 = Debug|Any CPU
		{71C2A372-690D-4BA8-8D7F-23314AC7D846}.Debug|Mixed Platforms.ActiveCfg = Debug|Any CPU
		{71C2A372-690D-4BA8-8D7F-23314AC7D846}.Debug|Mixed Platforms.Build.0 = Debug|Any CPU
		{71C2A372-690D-4BA8-8D7F-23314AC7D846}.Debug|Win32.ActiveCfg = Debug|Any CPU
		{71C2A372-690D-4BA8-8D7F-23314AC7D846}.Debug|x64.ActiveCfg = Debug|x64
		{71C2A372-690D-4BA8-8D7F-23314AC7D846}.Debug|x64.Build.0 = Debug|x64
		{71C2A372-690D-4BA8-8D7F-23314AC7D846}.Release|Any CPU.ActiveCfg = Release|Any CPU
		{71C2A372-690D-4BA8-8D7F-23314AC7D846}.Release|Any CPU.Build.0 = Release|Any CPU
		{71C2A372-690D-4BA8-8D7F-23314AC7D846}.Release|Mixed Platforms.ActiveCfg = Release|Any CPU
		{71C2A372-690D-4BA8-8D7F-23314AC7D846}.Release|Mixed Platforms.Build.0 = Release|Any CPU
		{71C2A372-690D-4BA8-8D7F-23314AC7D846}.Release|Win32.ActiveCfg = Release|Any CPU
		{71C2A372-690D-4BA8-8D7F-23314AC7D846}.Release|x64.ActiveCfg = Release|Any CPU
	EndGlobalSection
	GlobalSection(SolutionProperties) = preSolution
		HideSolutionNode = FALSE
	EndGlobalSection
EndGlobal
